// !$*UTF8*$!
{
	archiveVersion = 1;
	classes = {
	};
	objectVersion = 51;
	objects = {

/* Begin PBXBuildFile section */
		058E9399FFAADB73E1898AE9 /* Pods_Flixster_FlixsterUITests.framework in Frameworks */ = {isa = PBXBuildFile; fileRef = 1D1082B2AC6CFB82B63311AA /* Pods_Flixster_FlixsterUITests.framework */; };
		092E1EF40F328AC93662B73A /* Pods_Flixster.framework in Frameworks */ = {isa = PBXBuildFile; fileRef = A0D23B6FD9D049E74808EAC0 /* Pods_Flixster.framework */; };
		71C402BC25D5B651009DAB04 /* MovieCell.swift in Sources */ = {isa = PBXBuildFile; fileRef = 71C402BB25D5B651009DAB04 /* MovieCell.swift */; };
		71F8BCC025DF4B760040EAE8 /* MovieDetailsViewController.swift in Sources */ = {isa = PBXBuildFile; fileRef = 71F8BCBF25DF4B760040EAE8 /* MovieDetailsViewController.swift */; };
		71F8BCC825DF62120040EAE8 /* MovieGridViewController.swift in Sources */ = {isa = PBXBuildFile; fileRef = 71F8BCC725DF62120040EAE8 /* MovieGridViewController.swift */; };
		71FB4F9C25CFF7FA0014EB5A /* AppDelegate.swift in Sources */ = {isa = PBXBuildFile; fileRef = 71FB4F9B25CFF7FA0014EB5A /* AppDelegate.swift */; };
		71FB4F9E25CFF7FA0014EB5A /* SceneDelegate.swift in Sources */ = {isa = PBXBuildFile; fileRef = 71FB4F9D25CFF7FA0014EB5A /* SceneDelegate.swift */; };
		71FB4FA325CFF7FA0014EB5A /* Main.storyboard in Resources */ = {isa = PBXBuildFile; fileRef = 71FB4FA125CFF7FA0014EB5A /* Main.storyboard */; };
		71FB4FA525CFF7FD0014EB5A /* Assets.xcassets in Resources */ = {isa = PBXBuildFile; fileRef = 71FB4FA425CFF7FD0014EB5A /* Assets.xcassets */; };
		71FB4FA825CFF7FD0014EB5A /* LaunchScreen.storyboard in Resources */ = {isa = PBXBuildFile; fileRef = 71FB4FA625CFF7FD0014EB5A /* LaunchScreen.storyboard */; };
		71FB4FB325CFF7FE0014EB5A /* FlixsterTests.swift in Sources */ = {isa = PBXBuildFile; fileRef = 71FB4FB225CFF7FE0014EB5A /* FlixsterTests.swift */; };
		71FB4FBE25CFF7FE0014EB5A /* FlixsterUITests.swift in Sources */ = {isa = PBXBuildFile; fileRef = 71FB4FBD25CFF7FE0014EB5A /* FlixsterUITests.swift */; };
		71FB4FD225CFFE550014EB5A /* MoviesViewController.swift in Sources */ = {isa = PBXBuildFile; fileRef = 71FB4FD125CFFE550014EB5A /* MoviesViewController.swift */; };
		EE97027A69786916462FEF79 /* Pods_FlixsterTests.framework in Frameworks */ = {isa = PBXBuildFile; fileRef = 94A7593A66295222AA0461EF /* Pods_FlixsterTests.framework */; };
/* End PBXBuildFile section */

/* Begin PBXContainerItemProxy section */
		71FB4FAF25CFF7FE0014EB5A /* PBXContainerItemProxy */ = {
			isa = PBXContainerItemProxy;
			containerPortal = 71FB4F9025CFF7FA0014EB5A /* Project object */;
			proxyType = 1;
			remoteGlobalIDString = 71FB4F9725CFF7FA0014EB5A;
			remoteInfo = Flixster;
		};
		71FB4FBA25CFF7FE0014EB5A /* PBXContainerItemProxy */ = {
			isa = PBXContainerItemProxy;
			containerPortal = 71FB4F9025CFF7FA0014EB5A /* Project object */;
			proxyType = 1;
			remoteGlobalIDString = 71FB4F9725CFF7FA0014EB5A;
			remoteInfo = Flixster;
		};
/* End PBXContainerItemProxy section */

/* Begin PBXFileReference section */
		1D1082B2AC6CFB82B63311AA /* Pods_Flixster_FlixsterUITests.framework */ = {isa = PBXFileReference; explicitFileType = wrapper.framework; includeInIndex = 0; path = Pods_Flixster_FlixsterUITests.framework; sourceTree = BUILT_PRODUCTS_DIR; };
		2204478F381690756A236FCA /* Pods-FlixsterTests.debug.xcconfig */ = {isa = PBXFileReference; includeInIndex = 1; lastKnownFileType = text.xcconfig; name = "Pods-FlixsterTests.debug.xcconfig"; path = "Target Support Files/Pods-FlixsterTests/Pods-FlixsterTests.debug.xcconfig"; sourceTree = "<group>"; };
		4315AA07F2990CB1A047D429 /* Pods-Flixster.debug.xcconfig */ = {isa = PBXFileReference; includeInIndex = 1; lastKnownFileType = text.xcconfig; name = "Pods-Flixster.debug.xcconfig"; path = "Target Support Files/Pods-Flixster/Pods-Flixster.debug.xcconfig"; sourceTree = "<group>"; };
		71C402BB25D5B651009DAB04 /* MovieCell.swift */ = {isa = PBXFileReference; lastKnownFileType = sourcecode.swift; path = MovieCell.swift; sourceTree = "<group>"; };
		71F8BCBF25DF4B760040EAE8 /* MovieDetailsViewController.swift */ = {isa = PBXFileReference; lastKnownFileType = sourcecode.swift; path = MovieDetailsViewController.swift; sourceTree = "<group>"; };
		71F8BCC725DF62120040EAE8 /* MovieGridViewController.swift */ = {isa = PBXFileReference; lastKnownFileType = sourcecode.swift; path = MovieGridViewController.swift; sourceTree = "<group>"; };
		71FB4F9825CFF7FA0014EB5A /* Flixster.app */ = {isa = PBXFileReference; explicitFileType = wrapper.application; includeInIndex = 0; path = Flixster.app; sourceTree = BUILT_PRODUCTS_DIR; };
		71FB4F9B25CFF7FA0014EB5A /* AppDelegate.swift */ = {isa = PBXFileReference; lastKnownFileType = sourcecode.swift; path = AppDelegate.swift; sourceTree = "<group>"; };
		71FB4F9D25CFF7FA0014EB5A /* SceneDelegate.swift */ = {isa = PBXFileReference; lastKnownFileType = sourcecode.swift; path = SceneDelegate.swift; sourceTree = "<group>"; };
		71FB4FA225CFF7FA0014EB5A /* Base */ = {isa = PBXFileReference; lastKnownFileType = file.storyboard; name = Base; path = Base.lproj/Main.storyboard; sourceTree = "<group>"; };
		71FB4FA425CFF7FD0014EB5A /* Assets.xcassets */ = {isa = PBXFileReference; lastKnownFileType = folder.assetcatalog; path = Assets.xcassets; sourceTree = "<group>"; };
		71FB4FA725CFF7FD0014EB5A /* Base */ = {isa = PBXFileReference; lastKnownFileType = file.storyboard; name = Base; path = Base.lproj/LaunchScreen.storyboard; sourceTree = "<group>"; };
		71FB4FA925CFF7FD0014EB5A /* Info.plist */ = {isa = PBXFileReference; lastKnownFileType = text.plist.xml; path = Info.plist; sourceTree = "<group>"; };
		71FB4FAE25CFF7FE0014EB5A /* FlixsterTests.xctest */ = {isa = PBXFileReference; explicitFileType = wrapper.cfbundle; includeInIndex = 0; path = FlixsterTests.xctest; sourceTree = BUILT_PRODUCTS_DIR; };
		71FB4FB225CFF7FE0014EB5A /* FlixsterTests.swift */ = {isa = PBXFileReference; lastKnownFileType = sourcecode.swift; path = FlixsterTests.swift; sourceTree = "<group>"; };
		71FB4FB425CFF7FE0014EB5A /* Info.plist */ = {isa = PBXFileReference; lastKnownFileType = text.plist.xml; path = Info.plist; sourceTree = "<group>"; };
		71FB4FB925CFF7FE0014EB5A /* FlixsterUITests.xctest */ = {isa = PBXFileReference; explicitFileType = wrapper.cfbundle; includeInIndex = 0; path = FlixsterUITests.xctest; sourceTree = BUILT_PRODUCTS_DIR; };
		71FB4FBD25CFF7FE0014EB5A /* FlixsterUITests.swift */ = {isa = PBXFileReference; lastKnownFileType = sourcecode.swift; path = FlixsterUITests.swift; sourceTree = "<group>"; };
		71FB4FBF25CFF7FE0014EB5A /* Info.plist */ = {isa = PBXFileReference; lastKnownFileType = text.plist.xml; path = Info.plist; sourceTree = "<group>"; };
		71FB4FD125CFFE550014EB5A /* MoviesViewController.swift */ = {isa = PBXFileReference; lastKnownFileType = sourcecode.swift; path = MoviesViewController.swift; sourceTree = "<group>"; };
		7487926C75C8156838CB565F /* Pods-Flixster.release.xcconfig */ = {isa = PBXFileReference; includeInIndex = 1; lastKnownFileType = text.xcconfig; name = "Pods-Flixster.release.xcconfig"; path = "Target Support Files/Pods-Flixster/Pods-Flixster.release.xcconfig"; sourceTree = "<group>"; };
		94A7593A66295222AA0461EF /* Pods_FlixsterTests.framework */ = {isa = PBXFileReference; explicitFileType = wrapper.framework; includeInIndex = 0; path = Pods_FlixsterTests.framework; sourceTree = BUILT_PRODUCTS_DIR; };
		A0D23B6FD9D049E74808EAC0 /* Pods_Flixster.framework */ = {isa = PBXFileReference; explicitFileType = wrapper.framework; includeInIndex = 0; path = Pods_Flixster.framework; sourceTree = BUILT_PRODUCTS_DIR; };
		AA5C475AE1B76725E896FD9A /* Pods-Flixster-FlixsterUITests.release.xcconfig */ = {isa = PBXFileReference; includeInIndex = 1; lastKnownFileType = text.xcconfig; name = "Pods-Flixster-FlixsterUITests.release.xcconfig"; path = "Target Support Files/Pods-Flixster-FlixsterUITests/Pods-Flixster-FlixsterUITests.release.xcconfig"; sourceTree = "<group>"; };
		D009511FB70351B2A39F1A75 /* Pods-FlixsterTests.release.xcconfig */ = {isa = PBXFileReference; includeInIndex = 1; lastKnownFileType = text.xcconfig; name = "Pods-FlixsterTests.release.xcconfig"; path = "Target Support Files/Pods-FlixsterTests/Pods-FlixsterTests.release.xcconfig"; sourceTree = "<group>"; };
		D938534654E0410B03C304A1 /* Pods-Flixster-FlixsterUITests.debug.xcconfig */ = {isa = PBXFileReference; includeInIndex = 1; lastKnownFileType = text.xcconfig; name = "Pods-Flixster-FlixsterUITests.debug.xcconfig"; path = "Target Support Files/Pods-Flixster-FlixsterUITests/Pods-Flixster-FlixsterUITests.debug.xcconfig"; sourceTree = "<group>"; };
/* End PBXFileReference section */

/* Begin PBXFrameworksBuildPhase section */
		71FB4F9525CFF7FA0014EB5A /* Frameworks */ = {
			isa = PBXFrameworksBuildPhase;
			buildActionMask = 2147483647;
			files = (
				092E1EF40F328AC93662B73A /* Pods_Flixster.framework in Frameworks */,
			);
			runOnlyForDeploymentPostprocessing = 0;
		};
		71FB4FAB25CFF7FE0014EB5A /* Frameworks */ = {
			isa = PBXFrameworksBuildPhase;
			buildActionMask = 2147483647;
			files = (
				EE97027A69786916462FEF79 /* Pods_FlixsterTests.framework in Frameworks */,
			);
			runOnlyForDeploymentPostprocessing = 0;
		};
		71FB4FB625CFF7FE0014EB5A /* Frameworks */ = {
			isa = PBXFrameworksBuildPhase;
			buildActionMask = 2147483647;
			files = (
				058E9399FFAADB73E1898AE9 /* Pods_Flixster_FlixsterUITests.framework in Frameworks */,
			);
			runOnlyForDeploymentPostprocessing = 0;
		};
/* End PBXFrameworksBuildPhase section */

/* Begin PBXGroup section */
		71FB4F8F25CFF7FA0014EB5A = {
			isa = PBXGroup;
			children = (
				71FB4F9A25CFF7FA0014EB5A /* Flixster */,
				71FB4FB125CFF7FE0014EB5A /* FlixsterTests */,
				71FB4FBC25CFF7FE0014EB5A /* FlixsterUITests */,
				71FB4F9925CFF7FA0014EB5A /* Products */,
				9924DA9CE9D5AEA04593EC1B /* Pods */,
				FDAE0BDF064323E411B1D13E /* Frameworks */,
			);
			sourceTree = "<group>";
		};
		71FB4F9925CFF7FA0014EB5A /* Products */ = {
			isa = PBXGroup;
			children = (
				71FB4F9825CFF7FA0014EB5A /* Flixster.app */,
				71FB4FAE25CFF7FE0014EB5A /* FlixsterTests.xctest */,
				71FB4FB925CFF7FE0014EB5A /* FlixsterUITests.xctest */,
			);
			name = Products;
			sourceTree = "<group>";
		};
		71FB4F9A25CFF7FA0014EB5A /* Flixster */ = {
			isa = PBXGroup;
			children = (
				71FB4FA125CFF7FA0014EB5A /* Main.storyboard */,
				71FB4FA625CFF7FD0014EB5A /* LaunchScreen.storyboard */,
				71FB4F9B25CFF7FA0014EB5A /* AppDelegate.swift */,
				71FB4F9D25CFF7FA0014EB5A /* SceneDelegate.swift */,
				71C402BB25D5B651009DAB04 /* MovieCell.swift */,
				71FB4FD125CFFE550014EB5A /* MoviesViewController.swift */,
				71F8BCBF25DF4B760040EAE8 /* MovieDetailsViewController.swift */,
				71F8BCC725DF62120040EAE8 /* MovieGridViewController.swift */,
				71FB4FA425CFF7FD0014EB5A /* Assets.xcassets */,
				71FB4FA925CFF7FD0014EB5A /* Info.plist */,
			);
			path = Flixster;
			sourceTree = "<group>";
		};
		71FB4FB125CFF7FE0014EB5A /* FlixsterTests */ = {
			isa = PBXGroup;
			children = (
				71FB4FB225CFF7FE0014EB5A /* FlixsterTests.swift */,
				71FB4FB425CFF7FE0014EB5A /* Info.plist */,
			);
			path = FlixsterTests;
			sourceTree = "<group>";
		};
		71FB4FBC25CFF7FE0014EB5A /* FlixsterUITests */ = {
			isa = PBXGroup;
			children = (
				71FB4FBD25CFF7FE0014EB5A /* FlixsterUITests.swift */,
				71FB4FBF25CFF7FE0014EB5A /* Info.plist */,
			);
			path = FlixsterUITests;
			sourceTree = "<group>";
		};
		9924DA9CE9D5AEA04593EC1B /* Pods */ = {
			isa = PBXGroup;
			children = (
				4315AA07F2990CB1A047D429 /* Pods-Flixster.debug.xcconfig */,
				7487926C75C8156838CB565F /* Pods-Flixster.release.xcconfig */,
				D938534654E0410B03C304A1 /* Pods-Flixster-FlixsterUITests.debug.xcconfig */,
				AA5C475AE1B76725E896FD9A /* Pods-Flixster-FlixsterUITests.release.xcconfig */,
				2204478F381690756A236FCA /* Pods-FlixsterTests.debug.xcconfig */,
				D009511FB70351B2A39F1A75 /* Pods-FlixsterTests.release.xcconfig */,
			);
			path = Pods;
			sourceTree = "<group>";
		};
		FDAE0BDF064323E411B1D13E /* Frameworks */ = {
			isa = PBXGroup;
			children = (
				A0D23B6FD9D049E74808EAC0 /* Pods_Flixster.framework */,
				1D1082B2AC6CFB82B63311AA /* Pods_Flixster_FlixsterUITests.framework */,
				94A7593A66295222AA0461EF /* Pods_FlixsterTests.framework */,
			);
			name = Frameworks;
			sourceTree = "<group>";
		};
/* End PBXGroup section */

/* Begin PBXNativeTarget section */
		71FB4F9725CFF7FA0014EB5A /* Flixster */ = {
			isa = PBXNativeTarget;
			buildConfigurationList = 71FB4FC225CFF7FE0014EB5A /* Build configuration list for PBXNativeTarget "Flixster" */;
			buildPhases = (
				B940922D323E2E2BA4F9DEFE /* [CP] Check Pods Manifest.lock */,
				71FB4F9425CFF7FA0014EB5A /* Sources */,
				71FB4F9525CFF7FA0014EB5A /* Frameworks */,
				71FB4F9625CFF7FA0014EB5A /* Resources */,
				A93F9328B1740EB79D9BB01E /* [CP] Embed Pods Frameworks */,
			);
			buildRules = (
			);
			dependencies = (
			);
			name = Flixster;
			productName = Flixster;
			productReference = 71FB4F9825CFF7FA0014EB5A /* Flixster.app */;
			productType = "com.apple.product-type.application";
		};
		71FB4FAD25CFF7FE0014EB5A /* FlixsterTests */ = {
			isa = PBXNativeTarget;
			buildConfigurationList = 71FB4FC525CFF7FE0014EB5A /* Build configuration list for PBXNativeTarget "FlixsterTests" */;
			buildPhases = (
				76792B905F542DD9A83103E8 /* [CP] Check Pods Manifest.lock */,
				71FB4FAA25CFF7FE0014EB5A /* Sources */,
				71FB4FAB25CFF7FE0014EB5A /* Frameworks */,
				71FB4FAC25CFF7FE0014EB5A /* Resources */,
			);
			buildRules = (
			);
			dependencies = (
				71FB4FB025CFF7FE0014EB5A /* PBXTargetDependency */,
			);
			name = FlixsterTests;
			productName = FlixsterTests;
			productReference = 71FB4FAE25CFF7FE0014EB5A /* FlixsterTests.xctest */;
			productType = "com.apple.product-type.bundle.unit-test";
		};
		71FB4FB825CFF7FE0014EB5A /* FlixsterUITests */ = {
			isa = PBXNativeTarget;
			buildConfigurationList = 71FB4FC825CFF7FE0014EB5A /* Build configuration list for PBXNativeTarget "FlixsterUITests" */;
			buildPhases = (
				6DCF936F455CA19A2350D9EF /* [CP] Check Pods Manifest.lock */,
				71FB4FB525CFF7FE0014EB5A /* Sources */,
				71FB4FB625CFF7FE0014EB5A /* Frameworks */,
				71FB4FB725CFF7FE0014EB5A /* Resources */,
				6AA6D8CC70C0371298D512C4 /* [CP] Embed Pods Frameworks */,
			);
			buildRules = (
			);
			dependencies = (
				71FB4FBB25CFF7FE0014EB5A /* PBXTargetDependency */,
			);
			name = FlixsterUITests;
			productName = FlixsterUITests;
			productReference = 71FB4FB925CFF7FE0014EB5A /* FlixsterUITests.xctest */;
			productType = "com.apple.product-type.bundle.ui-testing";
		};
/* End PBXNativeTarget section */

/* Begin PBXProject section */
		71FB4F9025CFF7FA0014EB5A /* Project object */ = {
			isa = PBXProject;
			attributes = {
				LastSwiftUpdateCheck = 1230;
				LastUpgradeCheck = 1230;
				TargetAttributes = {
					71FB4F9725CFF7FA0014EB5A = {
						CreatedOnToolsVersion = 12.3;
					};
					71FB4FAD25CFF7FE0014EB5A = {
						CreatedOnToolsVersion = 12.3;
						TestTargetID = 71FB4F9725CFF7FA0014EB5A;
					};
					71FB4FB825CFF7FE0014EB5A = {
						CreatedOnToolsVersion = 12.3;
						TestTargetID = 71FB4F9725CFF7FA0014EB5A;
					};
				};
			};
			buildConfigurationList = 71FB4F9325CFF7FA0014EB5A /* Build configuration list for PBXProject "Flixster" */;
			compatibilityVersion = "Xcode 9.3";
			developmentRegion = en;
			hasScannedForEncodings = 0;
			knownRegions = (
				en,
				Base,
			);
			mainGroup = 71FB4F8F25CFF7FA0014EB5A;
			productRefGroup = 71FB4F9925CFF7FA0014EB5A /* Products */;
			projectDirPath = "";
			projectRoot = "";
			targets = (
				71FB4F9725CFF7FA0014EB5A /* Flixster */,
				71FB4FAD25CFF7FE0014EB5A /* FlixsterTests */,
				71FB4FB825CFF7FE0014EB5A /* FlixsterUITests */,
			);
		};
/* End PBXProject section */

/* Begin PBXResourcesBuildPhase section */
		71FB4F9625CFF7FA0014EB5A /* Resources */ = {
			isa = PBXResourcesBuildPhase;
			buildActionMask = 2147483647;
			files = (
				71FB4FA825CFF7FD0014EB5A /* LaunchScreen.storyboard in Resources */,
				71FB4FA525CFF7FD0014EB5A /* Assets.xcassets in Resources */,
				71FB4FA325CFF7FA0014EB5A /* Main.storyboard in Resources */,
			);
			runOnlyForDeploymentPostprocessing = 0;
		};
		71FB4FAC25CFF7FE0014EB5A /* Resources */ = {
			isa = PBXResourcesBuildPhase;
			buildActionMask = 2147483647;
			files = (
			);
			runOnlyForDeploymentPostprocessing = 0;
		};
		71FB4FB725CFF7FE0014EB5A /* Resources */ = {
			isa = PBXResourcesBuildPhase;
			buildActionMask = 2147483647;
			files = (
			);
			runOnlyForDeploymentPostprocessing = 0;
		};
/* End PBXResourcesBuildPhase section */

/* Begin PBXShellScriptBuildPhase section */
		6AA6D8CC70C0371298D512C4 /* [CP] Embed Pods Frameworks */ = {
			isa = PBXShellScriptBuildPhase;
			buildActionMask = 2147483647;
			files = (
			);
			inputFileListPaths = (
				"${PODS_ROOT}/Target Support Files/Pods-Flixster-FlixsterUITests/Pods-Flixster-FlixsterUITests-frameworks-${CONFIGURATION}-input-files.xcfilelist",
			);
			name = "[CP] Embed Pods Frameworks";
			outputFileListPaths = (
				"${PODS_ROOT}/Target Support Files/Pods-Flixster-FlixsterUITests/Pods-Flixster-FlixsterUITests-frameworks-${CONFIGURATION}-output-files.xcfilelist",
			);
			runOnlyForDeploymentPostprocessing = 0;
			shellPath = /bin/sh;
			shellScript = "\"${PODS_ROOT}/Target Support Files/Pods-Flixster-FlixsterUITests/Pods-Flixster-FlixsterUITests-frameworks.sh\"\n";
			showEnvVarsInLog = 0;
		};
		6DCF936F455CA19A2350D9EF /* [CP] Check Pods Manifest.lock */ = {
			isa = PBXShellScriptBuildPhase;
			buildActionMask = 2147483647;
			files = (
			);
			inputFileListPaths = (
			);
			inputPaths = (
				"${PODS_PODFILE_DIR_PATH}/Podfile.lock",
				"${PODS_ROOT}/Manifest.lock",
			);
			name = "[CP] Check Pods Manifest.lock";
			outputFileListPaths = (
			);
			outputPaths = (
				"$(DERIVED_FILE_DIR)/Pods-Flixster-FlixsterUITests-checkManifestLockResult.txt",
			);
			runOnlyForDeploymentPostprocessing = 0;
			shellPath = /bin/sh;
			shellScript = "diff \"${PODS_PODFILE_DIR_PATH}/Podfile.lock\" \"${PODS_ROOT}/Manifest.lock\" > /dev/null\nif [ $? != 0 ] ; then\n    # print error to STDERR\n    echo \"error: The sandbox is not in sync with the Podfile.lock. Run 'pod install' or update your CocoaPods installation.\" >&2\n    exit 1\nfi\n# This output is used by Xcode 'outputs' to avoid re-running this script phase.\necho \"SUCCESS\" > \"${SCRIPT_OUTPUT_FILE_0}\"\n";
			showEnvVarsInLog = 0;
		};
		76792B905F542DD9A83103E8 /* [CP] Check Pods Manifest.lock */ = {
			isa = PBXShellScriptBuildPhase;
			buildActionMask = 2147483647;
			files = (
			);
			inputFileListPaths = (
			);
			inputPaths = (
				"${PODS_PODFILE_DIR_PATH}/Podfile.lock",
				"${PODS_ROOT}/Manifest.lock",
			);
			name = "[CP] Check Pods Manifest.lock";
			outputFileListPaths = (
			);
			outputPaths = (
				"$(DERIVED_FILE_DIR)/Pods-FlixsterTests-checkManifestLockResult.txt",
			);
			runOnlyForDeploymentPostprocessing = 0;
			shellPath = /bin/sh;
			shellScript = "diff \"${PODS_PODFILE_DIR_PATH}/Podfile.lock\" \"${PODS_ROOT}/Manifest.lock\" > /dev/null\nif [ $? != 0 ] ; then\n    # print error to STDERR\n    echo \"error: The sandbox is not in sync with the Podfile.lock. Run 'pod install' or update your CocoaPods installation.\" >&2\n    exit 1\nfi\n# This output is used by Xcode 'outputs' to avoid re-running this script phase.\necho \"SUCCESS\" > \"${SCRIPT_OUTPUT_FILE_0}\"\n";
			showEnvVarsInLog = 0;
		};
		A93F9328B1740EB79D9BB01E /* [CP] Embed Pods Frameworks */ = {
			isa = PBXShellScriptBuildPhase;
			buildActionMask = 2147483647;
			files = (
			);
			inputFileListPaths = (
				"${PODS_ROOT}/Target Support Files/Pods-Flixster/Pods-Flixster-frameworks-${CONFIGURATION}-input-files.xcfilelist",
			);
			name = "[CP] Embed Pods Frameworks";
			outputFileListPaths = (
				"${PODS_ROOT}/Target Support Files/Pods-Flixster/Pods-Flixster-frameworks-${CONFIGURATION}-output-files.xcfilelist",
			);
			runOnlyForDeploymentPostprocessing = 0;
			shellPath = /bin/sh;
			shellScript = "\"${PODS_ROOT}/Target Support Files/Pods-Flixster/Pods-Flixster-frameworks.sh\"\n";
			showEnvVarsInLog = 0;
		};
		B940922D323E2E2BA4F9DEFE /* [CP] Check Pods Manifest.lock */ = {
			isa = PBXShellScriptBuildPhase;
			buildActionMask = 2147483647;
			files = (
			);
			inputFileListPaths = (
			);
			inputPaths = (
				"${PODS_PODFILE_DIR_PATH}/Podfile.lock",
				"${PODS_ROOT}/Manifest.lock",
			);
			name = "[CP] Check Pods Manifest.lock";
			outputFileListPaths = (
			);
			outputPaths = (
				"$(DERIVED_FILE_DIR)/Pods-Flixster-checkManifestLockResult.txt",
			);
			runOnlyForDeploymentPostprocessing = 0;
			shellPath = /bin/sh;
			shellScript = "diff \"${PODS_PODFILE_DIR_PATH}/Podfile.lock\" \"${PODS_ROOT}/Manifest.lock\" > /dev/null\nif [ $? != 0 ] ; then\n    # print error to STDERR\n    echo \"error: The sandbox is not in sync with the Podfile.lock. Run 'pod install' or update your CocoaPods installation.\" >&2\n    exit 1\nfi\n# This output is used by Xcode 'outputs' to avoid re-running this script phase.\necho \"SUCCESS\" > \"${SCRIPT_OUTPUT_FILE_0}\"\n";
			showEnvVarsInLog = 0;
		};
/* End PBXShellScriptBuildPhase section */

/* Begin PBXSourcesBuildPhase section */
		71FB4F9425CFF7FA0014EB5A /* Sources */ = {
			isa = PBXSourcesBuildPhase;
			buildActionMask = 2147483647;
			files = (
				71F8BCC025DF4B760040EAE8 /* MovieDetailsViewController.swift in Sources */,
				71FB4F9C25CFF7FA0014EB5A /* AppDelegate.swift in Sources */,
				71FB4F9E25CFF7FA0014EB5A /* SceneDelegate.swift in Sources */,
				71C402BC25D5B651009DAB04 /* MovieCell.swift in Sources */,
				71FB4FD225CFFE550014EB5A /* MoviesViewController.swift in Sources */,
				71F8BCC825DF62120040EAE8 /* MovieGridViewController.swift in Sources */,
			);
			runOnlyForDeploymentPostprocessing = 0;
		};
		71FB4FAA25CFF7FE0014EB5A /* Sources */ = {
			isa = PBXSourcesBuildPhase;
			buildActionMask = 2147483647;
			files = (
				71FB4FB325CFF7FE0014EB5A /* FlixsterTests.swift in Sources */,
			);
			runOnlyForDeploymentPostprocessing = 0;
		};
		71FB4FB525CFF7FE0014EB5A /* Sources */ = {
			isa = PBXSourcesBuildPhase;
			buildActionMask = 2147483647;
			files = (
				71FB4FBE25CFF7FE0014EB5A /* FlixsterUITests.swift in Sources */,
			);
			runOnlyForDeploymentPostprocessing = 0;
		};
/* End PBXSourcesBuildPhase section */

/* Begin PBXTargetDependency section */
		71FB4FB025CFF7FE0014EB5A /* PBXTargetDependency */ = {
			isa = PBXTargetDependency;
			target = 71FB4F9725CFF7FA0014EB5A /* Flixster */;
			targetProxy = 71FB4FAF25CFF7FE0014EB5A /* PBXContainerItemProxy */;
		};
		71FB4FBB25CFF7FE0014EB5A /* PBXTargetDependency */ = {
			isa = PBXTargetDependency;
			target = 71FB4F9725CFF7FA0014EB5A /* Flixster */;
			targetProxy = 71FB4FBA25CFF7FE0014EB5A /* PBXContainerItemProxy */;
		};
/* End PBXTargetDependency section */

/* Begin PBXVariantGroup section */
		71FB4FA125CFF7FA0014EB5A /* Main.storyboard */ = {
			isa = PBXVariantGroup;
			children = (
				71FB4FA225CFF7FA0014EB5A /* Base */,
			);
			name = Main.storyboard;
			sourceTree = "<group>";
		};
		71FB4FA625CFF7FD0014EB5A /* LaunchScreen.storyboard */ = {
			isa = PBXVariantGroup;
			children = (
				71FB4FA725CFF7FD0014EB5A /* Base */,
			);
			name = LaunchScreen.storyboard;
			sourceTree = "<group>";
		};
/* End PBXVariantGroup section */

/* Begin XCBuildConfiguration section */
		71FB4FC025CFF7FE0014EB5A /* Debug */ = {
			isa = XCBuildConfiguration;
			buildSettings = {
				ALWAYS_SEARCH_USER_PATHS = NO;
				CLANG_ANALYZER_NONNULL = YES;
				CLANG_ANALYZER_NUMBER_OBJECT_CONVERSION = YES_AGGRESSIVE;
				CLANG_CXX_LANGUAGE_STANDARD = "gnu++14";
				CLANG_CXX_LIBRARY = "libc++";
				CLANG_ENABLE_MODULES = YES;
				CLANG_ENABLE_OBJC_ARC = YES;
				CLANG_ENABLE_OBJC_WEAK = YES;
				CLANG_WARN_BLOCK_CAPTURE_AUTORELEASING = YES;
				CLANG_WARN_BOOL_CONVERSION = YES;
				CLANG_WARN_COMMA = YES;
				CLANG_WARN_CONSTANT_CONVERSION = YES;
				CLANG_WARN_DEPRECATED_OBJC_IMPLEMENTATIONS = YES;
				CLANG_WARN_DIRECT_OBJC_ISA_USAGE = YES_ERROR;
				CLANG_WARN_DOCUMENTATION_COMMENTS = YES;
				CLANG_WARN_EMPTY_BODY = YES;
				CLANG_WARN_ENUM_CONVERSION = YES;
				CLANG_WARN_INFINITE_RECURSION = YES;
				CLANG_WARN_INT_CONVERSION = YES;
				CLANG_WARN_NON_LITERAL_NULL_CONVERSION = YES;
				CLANG_WARN_OBJC_IMPLICIT_RETAIN_SELF = YES;
				CLANG_WARN_OBJC_LITERAL_CONVERSION = YES;
				CLANG_WARN_OBJC_ROOT_CLASS = YES_ERROR;
				CLANG_WARN_QUOTED_INCLUDE_IN_FRAMEWORK_HEADER = YES;
				CLANG_WARN_RANGE_LOOP_ANALYSIS = YES;
				CLANG_WARN_STRICT_PROTOTYPES = YES;
				CLANG_WARN_SUSPICIOUS_MOVE = YES;
				CLANG_WARN_UNGUARDED_AVAILABILITY = YES_AGGRESSIVE;
				CLANG_WARN_UNREACHABLE_CODE = YES;
				CLANG_WARN__DUPLICATE_METHOD_MATCH = YES;
				COPY_PHASE_STRIP = NO;
				DEBUG_INFORMATION_FORMAT = dwarf;
				ENABLE_STRICT_OBJC_MSGSEND = YES;
				ENABLE_TESTABILITY = YES;
				GCC_C_LANGUAGE_STANDARD = gnu11;
				GCC_DYNAMIC_NO_PIC = NO;
				GCC_NO_COMMON_BLOCKS = YES;
				GCC_OPTIMIZATION_LEVEL = 0;
				GCC_PREPROCESSOR_DEFINITIONS = (
					"DEBUG=1",
					"$(inherited)",
				);
				GCC_WARN_64_TO_32_BIT_CONVERSION = YES;
				GCC_WARN_ABOUT_RETURN_TYPE = YES_ERROR;
				GCC_WARN_UNDECLARED_SELECTOR = YES;
				GCC_WARN_UNINITIALIZED_AUTOS = YES_AGGRESSIVE;
				GCC_WARN_UNUSED_FUNCTION = YES;
				GCC_WARN_UNUSED_VARIABLE = YES;
				IPHONEOS_DEPLOYMENT_TARGET = 14.3;
				MTL_ENABLE_DEBUG_INFO = INCLUDE_SOURCE;
				MTL_FAST_MATH = YES;
				ONLY_ACTIVE_ARCH = YES;
				SDKROOT = iphoneos;
				SWIFT_ACTIVE_COMPILATION_CONDITIONS = DEBUG;
				SWIFT_OPTIMIZATION_LEVEL = "-Onone";
			};
			name = Debug;
		};
		71FB4FC125CFF7FE0014EB5A /* Release */ = {
			isa = XCBuildConfiguration;
			buildSettings = {
				ALWAYS_SEARCH_USER_PATHS = NO;
				CLANG_ANALYZER_NONNULL = YES;
				CLANG_ANALYZER_NUMBER_OBJECT_CONVERSION = YES_AGGRESSIVE;
				CLANG_CXX_LANGUAGE_STANDARD = "gnu++14";
				CLANG_CXX_LIBRARY = "libc++";
				CLANG_ENABLE_MODULES = YES;
				CLANG_ENABLE_OBJC_ARC = YES;
				CLANG_ENABLE_OBJC_WEAK = YES;
				CLANG_WARN_BLOCK_CAPTURE_AUTORELEASING = YES;
				CLANG_WARN_BOOL_CONVERSION = YES;
				CLANG_WARN_COMMA = YES;
				CLANG_WARN_CONSTANT_CONVERSION = YES;
				CLANG_WARN_DEPRECATED_OBJC_IMPLEMENTATIONS = YES;
				CLANG_WARN_DIRECT_OBJC_ISA_USAGE = YES_ERROR;
				CLANG_WARN_DOCUMENTATION_COMMENTS = YES;
				CLANG_WARN_EMPTY_BODY = YES;
				CLANG_WARN_ENUM_CONVERSION = YES;
				CLANG_WARN_INFINITE_RECURSION = YES;
				CLANG_WARN_INT_CONVERSION = YES;
				CLANG_WARN_NON_LITERAL_NULL_CONVERSION = YES;
				CLANG_WARN_OBJC_IMPLICIT_RETAIN_SELF = YES;
				CLANG_WARN_OBJC_LITERAL_CONVERSION = YES;
				CLANG_WARN_OBJC_ROOT_CLASS = YES_ERROR;
				CLANG_WARN_QUOTED_INCLUDE_IN_FRAMEWORK_HEADER = YES;
				CLANG_WARN_RANGE_LOOP_ANALYSIS = YES;
				CLANG_WARN_STRICT_PROTOTYPES = YES;
				CLANG_WARN_SUSPICIOUS_MOVE = YES;
				CLANG_WARN_UNGUARDED_AVAILABILITY = YES_AGGRESSIVE;
				CLANG_WARN_UNREACHABLE_CODE = YES;
				CLANG_WARN__DUPLICATE_METHOD_MATCH = YES;
				COPY_PHASE_STRIP = NO;
				DEBUG_INFORMATION_FORMAT = "dwarf-with-dsym";
				ENABLE_NS_ASSERTIONS = NO;
				ENABLE_STRICT_OBJC_MSGSEND = YES;
				GCC_C_LANGUAGE_STANDARD = gnu11;
				GCC_NO_COMMON_BLOCKS = YES;
				GCC_WARN_64_TO_32_BIT_CONVERSION = YES;
				GCC_WARN_ABOUT_RETURN_TYPE = YES_ERROR;
				GCC_WARN_UNDECLARED_SELECTOR = YES;
				GCC_WARN_UNINITIALIZED_AUTOS = YES_AGGRESSIVE;
				GCC_WARN_UNUSED_FUNCTION = YES;
				GCC_WARN_UNUSED_VARIABLE = YES;
				IPHONEOS_DEPLOYMENT_TARGET = 14.3;
				MTL_ENABLE_DEBUG_INFO = NO;
				MTL_FAST_MATH = YES;
				SDKROOT = iphoneos;
				SWIFT_COMPILATION_MODE = wholemodule;
				SWIFT_OPTIMIZATION_LEVEL = "-O";
				VALIDATE_PRODUCT = YES;
			};
			name = Release;
		};
		71FB4FC325CFF7FE0014EB5A /* Debug */ = {
			isa = XCBuildConfiguration;
			baseConfigurationReference = 4315AA07F2990CB1A047D429 /* Pods-Flixster.debug.xcconfig */;
			buildSettings = {
				ASSETCATALOG_COMPILER_APPICON_NAME = AppIcon;
				ASSETCATALOG_COMPILER_GLOBAL_ACCENT_COLOR_NAME = AccentColor;
				CODE_SIGN_STYLE = Automatic;
				DEVELOPMENT_TEAM = 8CG8TWC4GV;
				INFOPLIST_FILE = Flixster/Info.plist;
				LD_RUNPATH_SEARCH_PATHS = (
					"$(inherited)",
					"@executable_path/Frameworks",
				);
				PRODUCT_BUNDLE_IDENTIFIER = "La-Nique.Flixster";
				PRODUCT_NAME = "$(TARGET_NAME)";
				SWIFT_VERSION = 5.0;
				TARGETED_DEVICE_FAMILY = "1,2";
			};
			name = Debug;
		};
		71FB4FC425CFF7FE0014EB5A /* Release */ = {
			isa = XCBuildConfiguration;
			baseConfigurationReference = 7487926C75C8156838CB565F /* Pods-Flixster.release.xcconfig */;
			buildSettings = {
				ASSETCATALOG_COMPILER_APPICON_NAME = AppIcon;
				ASSETCATALOG_COMPILER_GLOBAL_ACCENT_COLOR_NAME = AccentColor;
				CODE_SIGN_STYLE = Automatic;
				DEVELOPMENT_TEAM = 8CG8TWC4GV;
				INFOPLIST_FILE = Flixster/Info.plist;
				LD_RUNPATH_SEARCH_PATHS = (
					"$(inherited)",
					"@executable_path/Frameworks",
				);
				PRODUCT_BUNDLE_IDENTIFIER = "La-Nique.Flixster";
				PRODUCT_NAME = "$(TARGET_NAME)";
				SWIFT_VERSION = 5.0;
				TARGETED_DEVICE_FAMILY = "1,2";
			};
			name = Release;
		};
		71FB4FC625CFF7FE0014EB5A /* Debug */ = {
			isa = XCBuildConfiguration;
			baseConfigurationReference = 2204478F381690756A236FCA /* Pods-FlixsterTests.debug.xcconfig */;
			buildSettings = {
				ALWAYS_EMBED_SWIFT_STANDARD_LIBRARIES = YES;
				BUNDLE_LOADER = "$(TEST_HOST)";
				CODE_SIGN_STYLE = Automatic;
				INFOPLIST_FILE = FlixsterTests/Info.plist;
				IPHONEOS_DEPLOYMENT_TARGET = 14.3;
				LD_RUNPATH_SEARCH_PATHS = (
					"$(inherited)",
					"@executable_path/Frameworks",
					"@loader_path/Frameworks",
				);
				PRODUCT_BUNDLE_IDENTIFIER = "La-Nique.FlixsterTests";
				PRODUCT_NAME = "$(TARGET_NAME)";
				SWIFT_VERSION = 5.0;
				TARGETED_DEVICE_FAMILY = "1,2";
				TEST_HOST = "$(BUILT_PRODUCTS_DIR)/Flixster.app/Flixster";
			};
			name = Debug;
		};
		71FB4FC725CFF7FE0014EB5A /* Release */ = {
			isa = XCBuildConfiguration;
			baseConfigurationReference = D009511FB70351B2A39F1A75 /* Pods-FlixsterTests.release.xcconfig */;
			buildSettings = {
				ALWAYS_EMBED_SWIFT_STANDARD_LIBRARIES = YES;
				BUNDLE_LOADER = "$(TEST_HOST)";
				CODE_SIGN_STYLE = Automatic;
				INFOPLIST_FILE = FlixsterTests/Info.plist;
				IPHONEOS_DEPLOYMENT_TARGET = 14.3;
				LD_RUNPATH_SEARCH_PATHS = (
					"$(inherited)",
					"@executable_path/Frameworks",
					"@loader_path/Frameworks",
				);
				PRODUCT_BUNDLE_IDENTIFIER = "La-Nique.FlixsterTests";
				PRODUCT_NAME = "$(TARGET_NAME)";
				SWIFT_VERSION = 5.0;
				TARGETED_DEVICE_FAMILY = "1,2";
				TEST_HOST = "$(BUILT_PRODUCTS_DIR)/Flixster.app/Flixster";
			};
			name = Release;
		};
		71FB4FC925CFF7FE0014EB5A /* Debug */ = {
			isa = XCBuildConfiguration;
			baseConfigurationReference = D938534654E0410B03C304A1 /* Pods-Flixster-FlixsterUITests.debug.xcconfig */;
			buildSettings = {
				ALWAYS_EMBED_SWIFT_STANDARD_LIBRARIES = YES;
				CODE_SIGN_STYLE = Automatic;
				INFOPLIST_FILE = FlixsterUITests/Info.plist;
				LD_RUNPATH_SEARCH_PATHS = (
					"$(inherited)",
					"@executable_path/Frameworks",
					"@loader_path/Frameworks",
				);
				PRODUCT_BUNDLE_IDENTIFIER = "La-Nique.FlixsterUITests";
				PRODUCT_NAME = "$(TARGET_NAME)";
				SWIFT_VERSION = 5.0;
				TARGETED_DEVICE_FAMILY = "1,2";
				TEST_TARGET_NAME = Flixster;
			};
			name = Debug;
		};
		71FB4FCA25CFF7FE0014EB5A /* Release */ = {
			isa = XCBuildConfiguration;
			baseConfigurationReference = AA5C475AE1B76725E896FD9A /* Pods-Flixster-FlixsterUITests.release.xcconfig */;
			buildSettings = {
				ALWAYS_EMBED_SWIFT_STANDARD_LIBRARIES = YES;
				CODE_SIGN_STYLE = Automatic;
				INFOPLIST_FILE = FlixsterUITests/Info.plist;
				LD_RUNPATH_SEARCH_PATHS = (
					"$(inherited)",
					"@executable_path/Frameworks",
					"@loader_path/Frameworks",
				);
				PRODUCT_BUNDLE_IDENTIFIER = "La-Nique.FlixsterUITests";
				PRODUCT_NAME = "$(TARGET_NAME)";
				SWIFT_VERSION = 5.0;
				TARGETED_DEVICE_FAMILY = "1,2";
				TEST_TARGET_NAME = Flixster;
			};
			name = Release;
		};
/* End XCBuildConfiguration section */

/* Begin XCConfigurationList section */
		71FB4F9325CFF7FA0014EB5A /* Build configuration list for PBXProject "Flixster" */ = {
			isa = XCConfigurationList;
			buildConfigurations = (
				71FB4FC025CFF7FE0014EB5A /* Debug */,
				71FB4FC125CFF7FE0014EB5A /* Release */,
			);
			defaultConfigurationIsVisible = 0;
			defaultConfigurationName = Release;
		};
		71FB4FC225CFF7FE0014EB5A /* Build configuration list for PBXNativeTarget "Flixster" */ = {
			isa = XCConfigurationList;
			buildConfigurations = (
				71FB4FC325CFF7FE0014EB5A /* Debug */,
				71FB4FC425CFF7FE0014EB5A /* Release */,
			);
			defaultConfigurationIsVisible = 0;
			defaultConfigurationName = Release;
		};
		71FB4FC525CFF7FE0014EB5A /* Build configuration list for PBXNativeTarget "FlixsterTests" */ = {
			isa = XCConfigurationList;
			buildConfigurations = (
				71FB4FC625CFF7FE0014EB5A /* Debug */,
				71FB4FC725CFF7FE0014EB5A /* Release */,
			);
			defaultConfigurationIsVisible = 0;
			defaultConfigurationName = Release;
		};
		71FB4FC825CFF7FE0014EB5A /* Build configuration list for PBXNativeTarget "FlixsterUITests" */ = {
			isa = XCConfigurationList;
			buildConfigurations = (
				71FB4FC925CFF7FE0014EB5A /* Debug */,
				71FB4FCA25CFF7FE0014EB5A /* Release */,
			);
			defaultConfigurationIsVisible = 0;
			defaultConfigurationName = Release;
		};
/* End XCConfigurationList section */
	};
	rootObject = 71FB4F9025CFF7FA0014EB5A /* Project object */;
}
